# Generated for Windows AMD64 CPython 3.11 from requirements.lock.
# uvloop is intentionally omitted because it is not supported on Windows.
# Regenerate with: python scripts/generate_windows_requirements_lock.py

hf-xet==1.6.0 \
    --hash=sha256:fb4fadde1b2b70bf4c0c14a6dccbe7194b1c28947fefd5bbe3fed9d940676c3b
httpx2==2.13.0 \
    --hash=sha256:fc12720cedf72faa26cca6b4ca394e05c894e7d7933fc45cafe767960804e49a
backoff==2.2.1 \
    --hash=sha256:63579f9a0628e06278f7e47b7d7d5b6ce20dc65c5e96a6f3ca99a6adca0396e8
langchain-core==1.6.4 \
    --hash=sha256:2f940c83f787676ad4dc651d49d053c7ec34bda5a6afcd224da2863ff53a0b84
asgiref==3.12.1 \
    --hash=sha256:fe386d1c2bff7259ea95929266d12a8cf9a8b5a1c2598402967d8792e7a7c094
xlsxwriter==3.2.9 \
    --hash=sha256:9a5db42bc5dff014806c58a20b9eae7322a134abb6fce3c92c181bfb275ec5b3
cryptography==50.0.1 \
    --hash=sha256:aed8db4f6d71c51efb89530e12d9464e7bf2923d46c3205dc794a2a93f8c0648
tiktoken==0.11.0 \
    --hash=sha256:ece6b76bfeeb61a125c44bbefdfccc279b5288e6007fbedc0d32bfec602df2f2
requests==2.34.2 \
    --hash=sha256:2a0d60c172f83ac6ab31e4554906c0f3b3588d37b5cb939b1c061f4907e278e0
distro==1.9.0 \
    --hash=sha256:7bffd925d65168f85027d8da9af6bddab658135b840670a223589bc0c8ef02b2
regex==2026.9.10 \
    --hash=sha256:ce7c118cb102975f974585688357a717ffbf9dddd64ab0bb1bc93eb5b367cf95
opentelemetry-proto==1.44.0 \
    --hash=sha256:898b155a0e1557afd867478fb6158e8122a46329ca0bb8dc53cc55e98f017f56
langchain-protocol==0.0.19 \
    --hash=sha256:4cdf879a492a35980fd859ae792d3c65458ccaae504e183c9a10d7eac1f0720f
truststore==0.10.4 \
    --hash=sha256:adaeaecf1cbb5f4de3b1959b42d41f6fab57b2b1666adb59e89cb0b53361d981
jiter==0.17.0 \
    --hash=sha256:e654b6b04e39c9cb19cb8b04c6ddf1f2db07751fa14156413969fd78bad0e5cb
shellingham==1.5.4 \
    --hash=sha256:7ecfff8f2fd72616f7481040475a65b2bf8af90a56c89140852d1120324e8686
mdurl==0.1.2 \
    --hash=sha256:84008a41e51615a49fc9966191ff91509e3c40b939176e643fd50a5c2196b8f8
flatbuffers==25.12.19 \
    --hash=sha256:7634f50c427838bb021c2d66a3d1168e9d199b0607e6329399f04846d42e20b4
huggingface_hub==1.32.0 \
    --hash=sha256:b0c7c80561969d9cdacdd55fce67ba9584cca0b9d4ea80957a3a5c1445fac5c8
oauthlib==4.0.0 \
    --hash=sha256:624c28c13a0a59cabf9747dfa52af63be3e512a7f2714df16e91b5b3a145e6cd
pdfplumber==0.11.10 \
    --hash=sha256:7741ea81bf165b474b153e6789d10d18e06b6ddcf3ec84289c3ef2fed6802580
exceptiongroup==1.3.1 \
    --hash=sha256:a7a39a3bd276781e98394987d3a5701d0c4edffb633bb7a5144577f82c773598
opentelemetry-exporter-otlp-proto-http==1.44.0 \
    --hash=sha256:838592fce774c1c8bb7b9a0a7facbfa82e17be5a8a4e94cef10cb84ae026bae3
opentelemetry-exporter-otlp-proto-grpc==1.44.0 \
    --hash=sha256:6a1a645ea182a2f59440c51fa8301d309f3324a8f9d65f8395584b064b67ee4e
posthog==5.4.0 \
    --hash=sha256:284dfa302f64353484420b52d4ad81ff5c2c2d1d607c4e2db602ac72761831bd
kubernetes==36.0.3 \
    --hash=sha256:8fde9241c4b298e6374a069dcf728359b4e72c2fb29489a975ba4e1c047cf10f
redis==5.0.1 \
    --hash=sha256:ed4802971884ae19d640775ba3b03aa2e7bd5e8fb8dfaed2decce4d0fc48391f
overrides==7.7.0 \
    --hash=sha256:c7ed9d062f78b8e4c1a7b70bd8796b35ead4d9f510227ef9c5dc7626c60d7e49
pycparser==3.0 \
    --hash=sha256:b727414169a36b7d524c1c3e31839a521725078d7b2ff038656844266160a992
tenacity==9.1.4 \
    --hash=sha256:6095a360c919085f28c6527de529e76a06ad89b23659fa881ae0649b867a9d55
langchain-deepseek==1.1.0 \
    --hash=sha256:14813cb413a97a5cce95118da253cfd64dce50537b7381b7c5d0ecf11d2a7032
zstandard==0.25.0 \
    --hash=sha256:daab68faadb847063d0c56f361a289c4f268706b598afbf9ad113cbe5c38b6b2
opentelemetry-sdk==1.44.0 \
    --hash=sha256:df081c4c6bcfdb1211e3e86140376792643128a25f8d72d1d27675936e7e96ad
langgraph-prebuilt==1.1.0 \
    --hash=sha256:51e311747d755b751d5c6b39b0c1446124d3a7643d2515017e6714b323508fc9
pyreadline3==3.5.6 \
    --hash=sha256:8449b734232e42a5dcd74048e39b60db2839a4c38cf3ae2bf7707d58b5389c0d
coloredlogs==15.0.1 \
    --hash=sha256:612ee75c546f53e92e70049c9dbfcc18c935a2b9a53b66085ce9ef6a6e5c0934
annotated-doc==0.0.5 \
    --hash=sha256:117bac03a25ede5df5440e855b32d556049ca169ead221505badf432fed4b101
pdfminer.six==20260107 \
    --hash=sha256:366585ba97e80dffa8f00cebe303d2f381884d8637af4ce422f1df3ef38111a9
anyio==4.15.1 \
    --hash=sha256:6152fdbbf9a77fdec97731721bebf7c4c44f7c29b424b0065826173efc7ed101
opentelemetry-instrumentation==0.65b0 \
    --hash=sha256:ea967a72b9939b5fcfdad572753b4306c59dcb99e3f382d95dae04286805e137
yarl==1.25.1 \
    --hash=sha256:d7306dee25b8a0e737363f347362b875094b4dc4e367311470656ae420fdbf8e
opentelemetry-exporter-otlp-proto-common==1.44.0 \
    --hash=sha256:9a9fe61bba73d802904bc989f1d6b4a7b1ee40f06c40e98d6f85af65aaebb694
fsspec==2026.9.0 \
    --hash=sha256:8dd6e646e99ea382bd85f97a45e6b526a442d79423a7dc673f1e2756d05fcb5f
python-dotenv==1.2.2 \
    --hash=sha256:1d8214789a24de455a8b8bd8ae6fe3c6b69a5e3d64aa8a8e5d68e694bbcb285a
build==1.6.1 \
    --hash=sha256:ecd351a4be9d35a9eaaba244a7687143c9c7d4aea6ac964e7e7ddab20cbcf4e7
httpcore==1.0.9 \
    --hash=sha256:2d400746a40668fc9dec9810239072b40b4484b640a8c38fd654a024c7a1bf55
Pygments==2.21.0 \
    --hash=sha256:2363c69b61c4a97c838da3b130dcd6468f4848992b21a82f2a63ec34377137d9
pillow==12.3.0 \
    --hash=sha256:8e95e1385e4998ae9694eeaa4730ba5457ff61185b3a55e2e7bea0880aef452a
uuid_utils==0.17.1 \
    --hash=sha256:297c6be22e0dd0f7d372845b171ffee5657581759982413c0a5b01b900c5f592
uvicorn[standard]==0.30.6 \
    --hash=sha256:65fd46fe3fda5bdc1b03b94eb634923ff18cd35b2f084813ea79d1f103f711b5
pypdf==6.19.0 \
    --hash=sha256:7e5d6e730e7dae87d560a2cee218b852f6498c8be61966f3cd02ead971e48d14
opentelemetry-instrumentation-asgi==0.65b0 \
    --hash=sha256:3a845a8ebd1c4ef0d8263401e6545f5b219b2feee612090d50f578a87e71fd65
PyMuPDF==1.26.0 \
    --hash=sha256:e39cc74ff030d773c4e76b9e5c5919cc4683895b73bd63bfd7a349a53ab5e8d7
starlette==1.6.0 \
    --hash=sha256:a86dd39d14bb45f85a3d18525215a9ef0cfd1f192ac793220e72598c90335f0c
python-docx==1.2.0 \
    --hash=sha256:3fd478f3250fbbbfd3b94fe1e985955737c145627498896a8a6bf81f4baf66c7
requests-oauthlib==2.0.0 \
    --hash=sha256:7dd8a5c40426b779b0868c404bdef9768deccf22749cde15852df527e6269b36
googleapis-common-protos==1.75.3 \
    --hash=sha256:a018d2bf098ca9fb6faa08d5bb780e2a2c2f73c566f069761331386c9596d3f2
rich==15.0.0 \
    --hash=sha256:33bd4ef74232fb73fe9279a257718407f169c09b78a87ad3d296f548e27de0bb
packaging==26.3 \
    --hash=sha256:d7193f7c8e4e93f444fde0262bf90af30e16fa0ad0ad44cb553c87339b23cd1c
python-pptx==1.0.2 \
    --hash=sha256:160838e0b8565a8b1f67947675886e9fea18aa5e795db7ae531606d68e785cba
tzlocal==5.4.4 \
    --hash=sha256:aae09f0126a8a86fa736be266eb4a471380d26a0de3bc14844e7821fee3e2a15
typer==0.27.2 \
    --hash=sha256:b3a5fc4342d5fc8fda8fc3010b1cf117e9249aab7fae800c2eff62fd3842d97d
onnxruntime==1.23.2 \
    --hash=sha256:902c756d8b633ce0dedd889b7c08459433fbcf35e9c38d1c03ddc020f0648c6e
PyYAML==6.0.3 \
    --hash=sha256:9f3bfb4965eb874431221a3ff3fdcddc7e74e3b07799e0e84ca4a0f867d449bf
jsonpatch==1.33 \
    --hash=sha256:0ae28c0cd062bbd8b8ecc26d7d164fbbea9652a1a3693f3b956c1eae5145dade
cffi==2.1.1 \
    --hash=sha256:42f6930c31dc7f50732c9ae793c2786c7b6b044195967bbdde40bb9be81c4cc0
wrapt==2.4.1 \
    --hash=sha256:1f1851be0e593d65e68d7c1bc9d3b971e19fefa219f617e490d75e80e467ee14
mmh3==5.3.0 \
    --hash=sha256:d0eaf2ff43d5940112cb863c6a09d7d942b6317c006362c555d4c523eab6367a
lxml==6.1.3 \
    --hash=sha256:7ae4949f212a53b007dbc355884fda122545c5764a54256c9217e419a62a6559
click==8.5.0 \
    --hash=sha256:255bc9599cf7748b4b1a446ccc735421bd08a2ae529a8b88597d3de5664ee360
opentelemetry-api==1.44.0 \
    --hash=sha256:94b98c893a91b88657eaac1e3ba89618cdb85be6918196705354f34728b2cdef
h11==0.16.0 \
    --hash=sha256:63cf8bbe7522de3bf65932fda1d9c2772064ffb3dae62d55932da54b31cb6c86
requests-toolbelt==1.0.0 \
    --hash=sha256:cccfdd665f0a24fcf4726e690f65639d272bb0637b9b92dfd91a5568ccf6bd06
typing_extensions==4.16.0 \
    --hash=sha256:481caa481374e813c1b176ada14e97f1f67a4539ce9cfeb3f350d78d6370c2e8
idna==3.20 \
    --hash=sha256:ab7ae7122974553370f0bdb919e1a960b2cd1bc1ef0276416d896db81c14582c
orjson==3.12.0 \
    --hash=sha256:fb2539159dfe8d371914f354360fa50e4a577cc89222a3828b9650a5e5040252
openai==3.19.0 \
    --hash=sha256:eaa59585332e54abf71c8011d9bfdb3b4aecead73a0aad977e979756756d42df
xxhash==4.0.1 \
    --hash=sha256:ac0f291ab6485bd71f33941f9b92771318332a05d505460b41e893a549caadc0
typing-inspection==0.4.4 \
    --hash=sha256:65b8397ba37ccbce054456aaccddfc91e6e3083c92824df348d96ca832f3f147
langgraph-sdk==0.4.5 \
    --hash=sha256:e03ef033a20d21288af496e9b6c08ae3afcc1b58dc5abcd37575bfd1a93045de
bcrypt==5.0.0 \
    --hash=sha256:64ee8434b0da054d830fa8e89e1c8bf30061d539044a39524ff7dec90481e5c2
langchain-openai==1.6.2 \
    --hash=sha256:368e34ab3bdd30af422371b2f2f9346f21e79beae8b0823c253633819d1fd2f8
propcache==0.5.4 \
    --hash=sha256:e904d4d01f36bd6e197590be1533c44e06058771e0746dd073a8ebb3ef880858
aiosignal==1.4.0 \
    --hash=sha256:053243f8b92b990551949e63930a839ff0cf0b0ebbe0597b0f3fb19e1a0fe82e
urllib3==2.8.0 \
    --hash=sha256:0cf3cae568d36aa9576b28dfb35f11328f1cb974ca7647d9475ebb86c75ac6e3
colorama==0.4.6 \
    --hash=sha256:4f1d9991f5acc0ca119f9d443620b77f9d6b33703e51011c16baf57afb285fc6
pytz==2026.3.post1 \
    --hash=sha256:dd95840dd199baea12d9cc096a1d452caa6596a1c1e4b5f3dbd1541855d5e815
httptools==0.8.0 \
    --hash=sha256:a1b4c8e7a489a0d750d91894e9a8cdc295838f1924c0ca903ae993456fddec07
prometheus_client==0.22.1 \
    --hash=sha256:cca895342e308174341b2cbf99a56bef291fbc0ef7b9e5412a0f26d653ba7094
charset-normalizer==3.5.1 \
    --hash=sha256:f9b1e28d0e8dbfa858abdba91d6b547beaf2df1a59bec6da6faae7b96a4991a9
jsonpointer==3.1.1 \
    --hash=sha256:8ff8b95779d071ba472cf5bc913028df06031797532f08a7d5b602d8b2a488ca
fastapi==0.141.1 \
    --hash=sha256:bfb91aa2d334c61cb35ba9a116fc123b3d3df31640b801cf57a7a78ec3f603b3
humanfriendly==10.0 \
    --hash=sha256:1697e1a8a8f550fd43c2865cd84542fc175a61dcb779b6fee18cf6b6ccba1477
pypdfium2==5.13.0 \
    --hash=sha256:47dcca2a8d507b5fd24f94c3c9d48fb379430f097bc20f01beff6c963ffbcedb
websocket-client==1.9.2 \
    --hash=sha256:e1a673830a9c7bfa47b1cd3d5e4178f4c9651d80a4eab02c9c23a1c3ec6250ce
aiohttp==3.14.3 \
    --hash=sha256:e1e74298bab6ee0d6e749ed4fd1901c7e604bdda32c03d787a2cc71c46d0433d
dashscope==1.25.21 \
    --hash=sha256:a730b3e9e41fb4261ab89192f667964aee2057779d87c26beaa9889aa07afbb9
tqdm==4.70.1 \
    --hash=sha256:c293e525e6fef9c20e8728fd4612df02a0aa31bb5fe91ecd93e123b1b7bffa73
chromadb==0.6.3 \
    --hash=sha256:4851258489a3612b558488d98d09ae0fe0a28d5cad6bd1ba64b96fdc419dc0e5
langsmith==0.14.0 \
    --hash=sha256:1a89e52c24edd6f4c24d8cfb32857814ceb5b9bec344a2850e86ab38475de362
python-multipart==0.0.31 \
    --hash=sha256:8408153d68a9773291fc1da39a8b85a50044bddbabd2dd72e9229776b7b15e28
pydantic==2.13.5 \
    --hash=sha256:346a034f080da3755d8e9cb5e00e8b07de1d39e4f6e2c87d8ab7cafa0b269a73
langgraph==1.2.11 \
    --hash=sha256:8bab70de7b2d00b5300fb289bcf38d8b241400f3184c1e95e8ce706fb0e8686b
filelock==4.0.1 \
    --hash=sha256:481a321a27bef441e23c53371c6abc8d7d16e26b97090074ba44f7538a3fd55a
six==1.17.0 \
    --hash=sha256:4721f391ed90541fddacab5acf947aa0d3dc7d27b2e1e8eda2be8970586c3274
httpx==0.28.1 \
    --hash=sha256:d909fcccc110f8c7faf814ca82a9a4d816bc5a6dbfea25d6591d6985b8ba59ad
langchain==1.3.9 \
    --hash=sha256:4af49ad1095799e4408b489fb79d4b8b49292453618b202d8a697fca59bb6871
importlib_resources==7.1.0 \
    --hash=sha256:1bd7b48b4088eddb2cd16382150bb515af0bd2c70128194392725f82ad2c96a1
python-dateutil==2.9.0.post0 \
    --hash=sha256:a8b2bc7bffae282281c8140a97d3aa9c14da0b136dfe83f850eea9a5f7470427
et_xmlfile==2.0.0 \
    --hash=sha256:7a91720bc756843502c3b7504c77b8fe44217c85c537d85037f0f536151b2caa
tzdata==2026.4 \
    --hash=sha256:c2169a8b0a7a5e9674da5a135ccdfb2b3e671b333ed9fed17b41f73c34476e81
APScheduler==3.10.4 \
    --hash=sha256:fb91e8a768632a4756a585f79ec834e0e27aad5860bac7eaa523d9ccefd87661
pytesseract==0.3.13 \
    --hash=sha256:7a99c6c2ac598360693d83a416e36e0b33a67638bb9d77fdcac094a3589d4b34
annotated-types==0.8.0 \
    --hash=sha256:f072f4d804ea359e4eaf198b1af7a8b0943881a87f31bb764f8bf219bb9419e0
mpmath==1.3.0 \
    --hash=sha256:a0b2b9fe80bbcd81a6647ff13108738cfb482d481d826cc0e02f5b35e5c88d2c
PyJWT==2.15.0 \
    --hash=sha256:7a3742debf6b879e912dbb9819ceec1594be812452b78c5f2e2dfc56564954f8
durationpy==0.11 \
    --hash=sha256:a739fe2b8972c250ff72f8e2c488d18cf25f7b852f49ee76048775d5171df30c
opentelemetry-instrumentation-fastapi==0.65b0 \
    --hash=sha256:cda2610a0ec1b22d19886f33e4d861e9f5dbb886aeaa3a1263b47aff82c36943
sympy==1.14.0 \
    --hash=sha256:e091cc3e99d2141a0ba2847328f5479b05d94a6635cb96148ccb3f34671bd8f5
markdown-it-py==4.2.0 \
    --hash=sha256:9f7ebbcd14fe59494226453aed97c1070d83f8d24b6fc3a3bcf9a38092641c4a
opentelemetry-util-http==0.65b0 \
    --hash=sha256:7553b606f963097cb190536dc30556cce85090692e471a422fff30ca29b04348
certifi==2026.7.22 \
    --hash=sha256:62f22742b58a1a33014a2b6b706588a8d7e2a88ae7bd1a6ebe8c992928483775
tomli==2.4.1 \
    --hash=sha256:5ee18d9ebdb417e384b58fe414e8d6af9f4e7a0ae761519fb50f721de398dd4e
openpyxl==3.1.5 \
    --hash=sha256:5282c12b107bffeef825f4617dc029afaf41d0ea60823bbb665ef3079dc79de2
PyPika==0.51.1 \
    --hash=sha256:77985b4d7ce71b9905255bf12468cf598349e98837c037541cfc240e528aec46
ormsgpack==1.12.2 \
    --hash=sha256:73670ed0375ecc303858e3613f407628dd1fca18fe6ac57b7b7ce66cc7bb006c
chroma-hnswlib==0.7.6 \
    --hash=sha256:0540b0ac96e47d0aa39e88ea4714358ae05d64bbe6bf33c52f316c664190a6a3
watchfiles==1.3.0 \
    --hash=sha256:1acabde19b67e673274e89a04d613b7fb1f122e2c4b8ec9a581e59c149264b61
numpy==1.26.4 \
    --hash=sha256:cd25bcecc4974d09257ffcd1f098ee778f7834c3ad767fe5db785be9a4aa9cb2
attrs==26.1.0 \
    --hash=sha256:c647aa4a12dfbad9333ca4e71fe62ddc36f4e63b2d260a37a8b83d2f043ac309
tokenizers==0.23.2 \
    --hash=sha256:2e96f5699d5249c9c64aa8412e044f727aae3a4098cf830f9901ec1afc361cde
pydantic_core==2.46.5 \
    --hash=sha256:40375c2d05acec10323e45dfe2077ac44bc74659008614af5069034e2cfc781c
mysql-connector-python==9.4.0 \
    --hash=sha256:fd6ff5afb9c324b0bbeae958c93156cce4168c743bf130faf224d52818d1f0ee
websockets==16.1.1 \
    --hash=sha256:7421fad442de870a8cbf2287d1cad7e706ece0dbfeba5e911df132cbdc1cb56a
opentelemetry-semantic-conventions==0.65b0 \
    --hash=sha256:1cacde7b0ad306f84c5ef08c3dbe1bbaf20165bba6f8bff43b670e555a086bcb
protobuf==7.36.2 \
    --hash=sha256:a300819d441e078a5608c0d3c709796bb548136058fda017ae51d425b44fd353
grpcio==1.84.0 \
    --hash=sha256:f9a456bdbed52a01c9ab8423bdebab04a5363c78676edc55ab9b58bd13bdf9e1
langgraph-checkpoint==4.2.0 \
    --hash=sha256:0547fd228935a0b758865de3a3d6d7a2537c308895d0f9ab092ce9151b5da942
async-timeout==5.0.1 \
    --hash=sha256:39e3809566ff85354557ec2398b55e096c8364bacac9405a7a1fa429e77fe76c
pyproject_hooks==1.3.3 \
    --hash=sha256:5fc53fdac9f7bd63fbcdc868fb5f90b4784d78a53a3d3388cd738b807441a20b
multidict==6.9.1 \
    --hash=sha256:5f89dad732280e7a10b74d40b91364f88e13c3f2c08c2ef83a8cd42f7a61af2e
httpcore2==2.13.0 \
    --hash=sha256:35ae5be347aa40467b4a5dc032ac67ebb6d27189fc97e8cebcf99616f6a1bb9e
sniffio==1.3.1 \
    --hash=sha256:2f6da418d1f1e0fddd844478f41680e794e6051915791a034ff65e5f100525a2
frozenlist==1.8.0 \
    --hash=sha256:ac913f8403b36a2c8610bbfd25b8013488533e71e62b4b4adce9c86c8cea905b
aiohappyeyeballs==2.7.1 \
    --hash=sha256:9243213661e29250eb41368e5daa826fc017156c3b8a11440826b2e3ed376472
